
Microsoft Visual Studio Solution File, Format Version 12.00
# Visual Studio Version 17
VisualStudioVersion = 17.1.32407.343
MinimumVisualStudioVersion = 10.0.40219.1
Project("{FAE04EC0-301F-11D3-BF4B-00C04F79EFBC}") = "VenturaJobsHR.Users", "VenturaJobsHR.Users.csproj", "{36B4BF7F-8E44-4261-A2DE-5802D7CC0903}"
EndProject
Project("{2150E333-8FDC-42A3-9474-1A3956D46DE8}") = "01.API", "01.API", "{FE0EA09D-E3E7-438D-8ECD-9BFB80B10396}"
EndProject
Project("{2150E333-8FDC-42A3-9474-1A3956D46DE8}") = "02.Core", "02.Core", "{A913F30D-827B-4E2F-9BEC-77176814C4B6}"
EndProject
Project("{FAE04EC0-301F-11D3-BF4B-00C04F79EFBC}") = "VenturaJobHR.Users.Domain", "..\VenturaJobHR.Users.Domain\VenturaJobHR.Users.Domain.csproj", "{F3111E17-D248-412D-B8A9-A18F9BBB4B1E}"
EndProject
Project("{FAE04EC0-301F-11D3-BF4B-00C04F79EFBC}") = "VenturaJobsHR.Users.Consumers", "..\VenturaJobsHR.Users.Consumers\VenturaJobsHR.Users.Consumers.csproj", "{1FEC45AC-B436-47C0-90D1-FDB5CB1428AE}"
EndProject
Project("{2150E333-8FDC-42A3-9474-1A3956D46DE8}") = "03.Consumers", "03.Consumers", "{B8A78140-A7B2-433B-AAA2-9572448D0915}"
EndProject
Global
	GlobalSection(SolutionConfigurationPlatforms) = preSolution
		Debug|Any CPU = Debug|Any CPU
		Release|Any CPU = Release|Any CPU
	EndGlobalSection
	GlobalSection(ProjectConfigurationPlatforms) = postSolution
		{36B4BF7F-8E44-4261-A2DE-5802D7CC0903}.Debug|Any CPU.ActiveCfg = Debug|Any CPU
		{36B4BF7F-8E44-4261-A2DE-5802D7CC0903}.Debug|Any CPU.Build.0 = Debug|Any CPU
		{36B4BF7F-8E44-4261-A2DE-5802D7CC0903}.Release|Any CPU.ActiveCfg = Release|Any CPU
		{36B4BF7F-8E44-4261-A2DE-5802D7CC0903}.Release|Any CPU.Build.0 = Release|Any CPU
		{F3111E17-D248-412D-B8A9-A18F9BBB4B1E}.Debug|Any CPU.ActiveCfg = Debug|Any CPU
		{F3111E17-D248-412D-B8A9-A18F9BBB4B1E}.Debug|Any CPU.Build.0 = Debug|Any CPU
		{F3111E17-D248-412D-B8A9-A18F9BBB4B1E}.Release|Any CPU.ActiveCfg = Release|Any CPU
		{F3111E17-D248-412D-B8A9-A18F9BBB4B1E}.Release|Any CPU.Build.0 = Release|Any CPU
		{1FEC45AC-B436-47C0-90D1-FDB5CB1428AE}.Debug|Any CPU.ActiveCfg = Debug|Any CPU
		{1FEC45AC-B436-47C0-90D1-FDB5CB1428AE}.Debug|Any CPU.Build.0 = Debug|Any CPU
		{1FEC45AC-B436-47C0-90D1-FDB5CB1428AE}.Release|Any CPU.ActiveCfg = Release|Any CPU
		{1FEC45AC-B436-47C0-90D1-FDB5CB1428AE}.Release|Any CPU.Build.0 = Release|Any CPU
	EndGlobalSection
	GlobalSection(SolutionProperties) = preSolution
		HideSolutionNode = FALSE
	EndGlobalSection
	GlobalSection(NestedProjects) = preSolution
		{36B4BF7F-8E44-4261-A2DE-5802D7CC0903} = {FE0EA09D-E3E7-438D-8ECD-9BFB80B10396}
		{F3111E17-D248-412D-B8A9-A18F9BBB4B1E} = {A913F30D-827B-4E2F-9BEC-77176814C4B6}
		{1FEC45AC-B436-47C0-90D1-FDB5CB1428AE} = {B8A78140-A7B2-433B-AAA2-9572448D0915}
	EndGlobalSection
	GlobalSection(ExtensibilityGlobals) = postSolution
		SolutionGuid = {FC105F10-273F-4BE0-9189-E3D9C08D6FA4}
	EndGlobalSection
EndGlobal
